
Microsoft Visual Studio Solution File, Format Version 12.00
# Visual Studio 15
VisualStudioVersion = 15.0.27004.2002
MinimumVisualStudioVersion = 10.0.40219.1
Project("{FAE04EC0-301F-11D3-BF4B-00C04F79EFBC}") = "ParsingStore_App", "ParsingStore_App\ParsingStore_App.csproj", "{481A31CC-4ABE-45DF-83AB-4EACA1E6A1A2}"
EndProject
Project("{FAE04EC0-301F-11D3-BF4B-00C04F79EFBC}") = "ParsingStore_App.Tests", "ParsingStore_App.Tests\ParsingStore_App.Tests.csproj", "{599269B7-9EEB-451C-B943-754A02A0F01C}"
EndProject
Global
	GlobalSection(SolutionConfigurationPlatforms) = preSolution
		Debug|Any CPU = Debug|Any CPU
		Release|Any CPU = Release|Any CPU
	EndGlobalSection
	GlobalSection(ProjectConfigurationPlatforms) = postSolution
		{481A31CC-4ABE-45DF-83AB-4EACA1E6A1A2}.Debug|Any CPU.ActiveCfg = Debug|Any CPU
		{481A31CC-4ABE-45DF-83AB-4EACA1E6A1A2}.Debug|Any CPU.Build.0 = Debug|Any CPU
		{481A31CC-4ABE-45DF-83AB-4EACA1E6A1A2}.Release|Any CPU.ActiveCfg = Release|Any CPU
		{481A31CC-4ABE-45DF-83AB-4EACA1E6A1A2}.Release|Any CPU.Build.0 = Release|Any CPU
		{599269B7-9EEB-451C-B943-754A02A0F01C}.Debug|Any CPU.ActiveCfg = Debug|Any CPU
		{599269B7-9EEB-451C-B943-754A02A0F01C}.Debug|Any CPU.Build.0 = Debug|Any CPU
		{599269B7-9EEB-451C-B943-754A02A0F01C}.Release|Any CPU.ActiveCfg = Release|Any CPU
		{599269B7-9EEB-451C-B943-754A02A0F01C}.Release|Any CPU.Build.0 = Release|Any CPU
	EndGlobalSection
	GlobalSection(SolutionProperties) = preSolution
		HideSolutionNode = FALSE
	EndGlobalSection
	GlobalSection(ExtensibilityGlobals) = postSolution
		SolutionGuid = {0974BB98-3AAE-4B2E-8F68-32B4AA6DCEF5}
	EndGlobalSection
EndGlobal
